
Microsoft Visual Studio Solution File, Format Version 12.00
# Visual Studio Version 16
VisualStudioVersion = 16.0.30717.126
MinimumVisualStudioVersion = 10.0.40219.1
Project("{FAE04EC0-301F-11D3-BF4B-00C04F79EFBC}") = "TestApplicationForFSIN", "TestApplicationForFSIN\TestApplicationForFSIN.csproj", "{698EE6FF-C8EE-4E51-9516-2A81B965BCFC}"
EndProject
Global
	GlobalSection(SolutionConfigurationPlatforms) = preSolution
		Debug|Any CPU = Debug|Any CPU
		Release|Any CPU = Release|Any CPU
	EndGlobalSection
	GlobalSection(ProjectConfigurationPlatforms) = postSolution
		{698EE6FF-C8EE-4E51-9516-2A81B965BCFC}.Debug|Any CPU.ActiveCfg = Debug|Any CPU
		{698EE6FF-C8EE-4E51-9516-2A81B965BCFC}.Debug|Any CPU.Build.0 = Debug|Any CPU
		{698EE6FF-C8EE-4E51-9516-2A81B965BCFC}.Release|Any CPU.ActiveCfg = Release|Any CPU
		{698EE6FF-C8EE-4E51-9516-2A81B965BCFC}.Release|Any CPU.Build.0 = Release|Any CPU
	EndGlobalSection
	GlobalSection(SolutionProperties) = preSolution
		HideSolutionNode = FALSE
	EndGlobalSection
	GlobalSection(ExtensibilityGlobals) = postSolution
		SolutionGuid = {865B2663-79F8-4B81-AE36-3C987B08A451}
	EndGlobalSection
EndGlobal
